
Microsoft Visual Studio Solution File, Format Version 12.00
# Visual Studio 2013
VisualStudioVersion = 12.0.21005.1
MinimumVisualStudioVersion = 10.0.40219.1
Project("{FAE04EC0-301F-11D3-BF4B-00C04F79EFBC}") = "EmployeeUI", "EmployeeUI\EmployeeUI.csproj", "{10EDFAA2-D1BA-4C2F-BF3C-31DFFE931F90}"
EndProject
Project("{FAE04EC0-301F-11D3-BF4B-00C04F79EFBC}") = "EmpEnt", "EmpEnt\EmpEnt.csproj", "{0E3C0C93-E851-4024-BBB8-9C0D72989C27}"
EndProject
Project("{FAE04EC0-301F-11D3-BF4B-00C04F79EFBC}") = "EmpBAL", "EmpBAL\EmpBAL.csproj", "{6D924387-34AE-47F0-AFF1-3603CCB73821}"
EndProject
Project("{FAE04EC0-301F-11D3-BF4B-00C04F79EFBC}") = "EmpDAL", "EmpDAL\EmpDAL.csproj", "{07806A4F-4B51-4B81-81AB-4318267B48B5}"
EndProject
Project("{FAE04EC0-301F-11D3-BF4B-00C04F79EFBC}") = "EMPUtility", "EMPUtility\EMPUtility.csproj", "{9FDD1E3C-FFFF-4843-8DDB-D2888F8CD621}"
EndProject
Global
	GlobalSection(SolutionConfigurationPlatforms) = preSolution
		Debug|Any CPU = Debug|Any CPU
		Release|Any CPU = Release|Any CPU
	EndGlobalSection
	GlobalSection(ProjectConfigurationPlatforms) = postSolution
		{10EDFAA2-D1BA-4C2F-BF3C-31DFFE931F90}.Debug|Any CPU.ActiveCfg = Debug|Any CPU
		{10EDFAA2-D1BA-4C2F-BF3C-31DFFE931F90}.Debug|Any CPU.Build.0 = Debug|Any CPU
		{10EDFAA2-D1BA-4C2F-BF3C-31DFFE931F90}.Release|Any CPU.ActiveCfg = Release|Any CPU
		{10EDFAA2-D1BA-4C2F-BF3C-31DFFE931F90}.Release|Any CPU.Build.0 = Release|Any CPU
		{0E3C0C93-E851-4024-BBB8-9C0D72989C27}.Debug|Any CPU.ActiveCfg = Debug|Any CPU
		{0E3C0C93-E851-4024-BBB8-9C0D72989C27}.Debug|Any CPU.Build.0 = Debug|Any CPU
		{0E3C0C93-E851-4024-BBB8-9C0D72989C27}.Release|Any CPU.ActiveCfg = Release|Any CPU
		{0E3C0C93-E851-4024-BBB8-9C0D72989C27}.Release|Any CPU.Build.0 = Release|Any CPU
		{6D924387-34AE-47F0-AFF1-3603CCB73821}.Debug|Any CPU.ActiveCfg = Debug|Any CPU
		{6D924387-34AE-47F0-AFF1-3603CCB73821}.Debug|Any CPU.Build.0 = Debug|Any CPU
		{6D924387-34AE-47F0-AFF1-3603CCB73821}.Release|Any CPU.ActiveCfg = Release|Any CPU
		{6D924387-34AE-47F0-AFF1-3603CCB73821}.Release|Any CPU.Build.0 = Release|Any CPU
		{07806A4F-4B51-4B81-81AB-4318267B48B5}.Debug|Any CPU.ActiveCfg = Debug|Any CPU
		{07806A4F-4B51-4B81-81AB-4318267B48B5}.Debug|Any CPU.Build.0 = Debug|Any CPU
		{07806A4F-4B51-4B81-81AB-4318267B48B5}.Release|Any CPU.ActiveCfg = Release|Any CPU
		{07806A4F-4B51-4B81-81AB-4318267B48B5}.Release|Any CPU.Build.0 = Release|Any CPU
		{9FDD1E3C-FFFF-4843-8DDB-D2888F8CD621}.Debug|Any CPU.ActiveCfg = Debug|Any CPU
		{9FDD1E3C-FFFF-4843-8DDB-D2888F8CD621}.Debug|Any CPU.Build.0 = Debug|Any CPU
		{9FDD1E3C-FFFF-4843-8DDB-D2888F8CD621}.Release|Any CPU.ActiveCfg = Release|Any CPU
		{9FDD1E3C-FFFF-4843-8DDB-D2888F8CD621}.Release|Any CPU.Build.0 = Release|Any CPU
	EndGlobalSection
	GlobalSection(SolutionProperties) = preSolution
		HideSolutionNode = FALSE
	EndGlobalSection
EndGlobal
